// !$*UTF8*$!
{
	archiveVersion = 1;
	classes = {
	};
	objectVersion = 46;
	objects = {

/* Begin PBXBuildFile section */
		190D09301E82EA4500F88145 /* FestivalJSON.swift in Sources */ = {isa = PBXBuildFile; fileRef = 190D092F1E82EA4500F88145 /* FestivalJSON.swift */; };
		190D09321E82EA8D00F88145 /* StageJSON.swift in Sources */ = {isa = PBXBuildFile; fileRef = 190D09311E82EA8D00F88145 /* StageJSON.swift */; };
		190D09341E82EB4200F88145 /* ArtistJSON.swift in Sources */ = {isa = PBXBuildFile; fileRef = 190D09331E82EB4200F88145 /* ArtistJSON.swift */; };
		190D09351E82ECA400F88145 /* FestivalJSON.swift in Sources */ = {isa = PBXBuildFile; fileRef = 190D092F1E82EA4500F88145 /* FestivalJSON.swift */; };
		190D09361E82ECA400F88145 /* ArtistJSON.swift in Sources */ = {isa = PBXBuildFile; fileRef = 190D09331E82EB4200F88145 /* ArtistJSON.swift */; };
		190D09371E82ECA400F88145 /* StageJSON.swift in Sources */ = {isa = PBXBuildFile; fileRef = 190D09311E82EA8D00F88145 /* StageJSON.swift */; };
		190D09391E82ECCC00F88145 /* beyond.json in Resources */ = {isa = PBXBuildFile; fileRef = 190D09381E82ECCC00F88145 /* beyond.json */; };
		190D093A1E82ECCC00F88145 /* beyond.json in Resources */ = {isa = PBXBuildFile; fileRef = 190D09381E82ECCC00F88145 /* beyond.json */; };
		1916235D1E74E7DB0059CAE5 /* AppDelegate.swift in Sources */ = {isa = PBXBuildFile; fileRef = 1916235C1E74E7DB0059CAE5 /* AppDelegate.swift */; };
		1916235F1E74E7DB0059CAE5 /* ViewController.swift in Sources */ = {isa = PBXBuildFile; fileRef = 1916235E1E74E7DB0059CAE5 /* ViewController.swift */; };
		191623621E74E7DB0059CAE5 /* Main.storyboard in Resources */ = {isa = PBXBuildFile; fileRef = 191623601E74E7DB0059CAE5 /* Main.storyboard */; };
		191623641E74E7DB0059CAE5 /* Assets.xcassets in Resources */ = {isa = PBXBuildFile; fileRef = 191623631E74E7DB0059CAE5 /* Assets.xcassets */; };
		191623671E74E7DB0059CAE5 /* LaunchScreen.storyboard in Resources */ = {isa = PBXBuildFile; fileRef = 191623651E74E7DB0059CAE5 /* LaunchScreen.storyboard */; };
		1916236C1E74E7DB0059CAE5 /* Festival Buddy WatchKit App.app in Embed Watch Content */ = {isa = PBXBuildFile; fileRef = 1916236B1E74E7DB0059CAE5 /* Festival Buddy WatchKit App.app */; };
		191623721E74E7DB0059CAE5 /* Interface.storyboard in Resources */ = {isa = PBXBuildFile; fileRef = 191623701E74E7DB0059CAE5 /* Interface.storyboard */; };
		191623741E74E7DB0059CAE5 /* Assets.xcassets in Resources */ = {isa = PBXBuildFile; fileRef = 191623731E74E7DB0059CAE5 /* Assets.xcassets */; };
		1916237B1E74E7DB0059CAE5 /* Festival Buddy WatchKit Extension.appex in Embed App Extensions */ = {isa = PBXBuildFile; fileRef = 1916237A1E74E7DB0059CAE5 /* Festival Buddy WatchKit Extension.appex */; settings = {ATTRIBUTES = (RemoveHeadersOnCopy, ); }; };
		191623801E74E7DB0059CAE5 /* InterfaceController.swift in Sources */ = {isa = PBXBuildFile; fileRef = 1916237F1E74E7DB0059CAE5 /* InterfaceController.swift */; };
		191623821E74E7DB0059CAE5 /* ExtensionDelegate.swift in Sources */ = {isa = PBXBuildFile; fileRef = 191623811E74E7DB0059CAE5 /* ExtensionDelegate.swift */; };
		191623841E74E7DB0059CAE5 /* Assets.xcassets in Resources */ = {isa = PBXBuildFile; fileRef = 191623831E74E7DB0059CAE5 /* Assets.xcassets */; };
		191623971E74EA270059CAE5 /* Festival.swift in Sources */ = {isa = PBXBuildFile; fileRef = 191623961E74EA270059CAE5 /* Festival.swift */; };
		191623991E74EDC70059CAE5 /* Stage.swift in Sources */ = {isa = PBXBuildFile; fileRef = 191623981E74EDC70059CAE5 /* Stage.swift */; };
		1916239B1E74EDD50059CAE5 /* Artist.swift in Sources */ = {isa = PBXBuildFile; fileRef = 1916239A1E74EDD50059CAE5 /* Artist.swift */; };
		1916239C1E74F93A0059CAE5 /* Festival.swift in Sources */ = {isa = PBXBuildFile; fileRef = 191623961E74EA270059CAE5 /* Festival.swift */; };
		1916239D1E74F93A0059CAE5 /* Stage.swift in Sources */ = {isa = PBXBuildFile; fileRef = 191623981E74EDC70059CAE5 /* Stage.swift */; };
		1916239E1E74F93A0059CAE5 /* Artist.swift in Sources */ = {isa = PBXBuildFile; fileRef = 1916239A1E74EDD50059CAE5 /* Artist.swift */; };
		191623A01E74FB9F0059CAE5 /* StageController.swift in Sources */ = {isa = PBXBuildFile; fileRef = 1916239F1E74FB9F0059CAE5 /* StageController.swift */; };
		191623A21E74FD870059CAE5 /* ArtistRowController.swift in Sources */ = {isa = PBXBuildFile; fileRef = 191623A11E74FD870059CAE5 /* ArtistRowController.swift */; };
		191623A41E750D630059CAE5 /* HeaderRowController.swift in Sources */ = {isa = PBXBuildFile; fileRef = 191623A31E750D630059CAE5 /* HeaderRowController.swift */; };
		191623A61E7519690059CAE5 /* WhosPlayingNowController.swift in Sources */ = {isa = PBXBuildFile; fileRef = 191623A51E7519690059CAE5 /* WhosPlayingNowController.swift */; };
		1CC1C9C97C0CFCB5105E0F62 /* Pods_Festival_Buddy_WatchKit_Extension.framework in Frameworks */ = {isa = PBXBuildFile; fileRef = 65D74F88F9FEEEF0DE716CFB /* Pods_Festival_Buddy_WatchKit_Extension.framework */; };
		3361F26C768EE910157FC7F5 /* Pods_Festival_Buddy.framework in Frameworks */ = {isa = PBXBuildFile; fileRef = 1DE7513452DD69702FA28D0D /* Pods_Festival_Buddy.framework */; };
		7DFBEC44E35BA7E608AF99B6 /* Pods_Festival_Buddy_WatchKit_App.framework in Frameworks */ = {isa = PBXBuildFile; fileRef = D7E1B17D18DB6EDA27FD3108 /* Pods_Festival_Buddy_WatchKit_App.framework */; };
/* End PBXBuildFile section */

/* Begin PBXContainerItemProxy section */
		1916236D1E74E7DB0059CAE5 /* PBXContainerItemProxy */ = {
			isa = PBXContainerItemProxy;
			containerPortal = 191623511E74E7DA0059CAE5 /* Project object */;
			proxyType = 1;
			remoteGlobalIDString = 1916236A1E74E7DB0059CAE5;
			remoteInfo = "Festival Buddy WatchKit App";
		};
		1916237C1E74E7DB0059CAE5 /* PBXContainerItemProxy */ = {
			isa = PBXContainerItemProxy;
			containerPortal = 191623511E74E7DA0059CAE5 /* Project object */;
			proxyType = 1;
			remoteGlobalIDString = 191623791E74E7DB0059CAE5;
			remoteInfo = "Festival Buddy WatchKit Extension";
		};
/* End PBXContainerItemProxy section */

/* Begin PBXCopyFilesBuildPhase section */
		1916238B1E74E7DB0059CAE5 /* Embed App Extensions */ = {
			isa = PBXCopyFilesBuildPhase;
			buildActionMask = 2147483647;
			dstPath = "";
			dstSubfolderSpec = 13;
			files = (
				1916237B1E74E7DB0059CAE5 /* Festival Buddy WatchKit Extension.appex in Embed App Extensions */,
			);
			name = "Embed App Extensions";
			runOnlyForDeploymentPostprocessing = 0;
		};
		1916238F1E74E7DB0059CAE5 /* Embed Watch Content */ = {
			isa = PBXCopyFilesBuildPhase;
			buildActionMask = 2147483647;
			dstPath = "$(CONTENTS_FOLDER_PATH)/Watch";
			dstSubfolderSpec = 16;
			files = (
				1916236C1E74E7DB0059CAE5 /* Festival Buddy WatchKit App.app in Embed Watch Content */,
			);
			name = "Embed Watch Content";
			runOnlyForDeploymentPostprocessing = 0;
		};
/* End PBXCopyFilesBuildPhase section */

/* Begin PBXFileReference section */
		07E34C858899D055FD73DB18 /* Pods-Festival Buddy WatchKit App.release.xcconfig */ = {isa = PBXFileReference; includeInIndex = 1; lastKnownFileType = text.xcconfig; name = "Pods-Festival Buddy WatchKit App.release.xcconfig"; path = "Pods/Target Support Files/Pods-Festival Buddy WatchKit App/Pods-Festival Buddy WatchKit App.release.xcconfig"; sourceTree = "<group>"; };
		190D092F1E82EA4500F88145 /* FestivalJSON.swift */ = {isa = PBXFileReference; fileEncoding = 4; lastKnownFileType = sourcecode.swift; path = FestivalJSON.swift; sourceTree = "<group>"; };
		190D09311E82EA8D00F88145 /* StageJSON.swift */ = {isa = PBXFileReference; fileEncoding = 4; lastKnownFileType = sourcecode.swift; path = StageJSON.swift; sourceTree = "<group>"; };
		190D09331E82EB4200F88145 /* ArtistJSON.swift */ = {isa = PBXFileReference; fileEncoding = 4; lastKnownFileType = sourcecode.swift; path = ArtistJSON.swift; sourceTree = "<group>"; };
		190D09381E82ECCC00F88145 /* beyond.json */ = {isa = PBXFileReference; fileEncoding = 4; lastKnownFileType = text.json; path = beyond.json; sourceTree = "<group>"; };
		191623591E74E7DB0059CAE5 /* Festival Buddy.app */ = {isa = PBXFileReference; explicitFileType = wrapper.application; includeInIndex = 0; path = "Festival Buddy.app"; sourceTree = BUILT_PRODUCTS_DIR; };
		1916235C1E74E7DB0059CAE5 /* AppDelegate.swift */ = {isa = PBXFileReference; lastKnownFileType = sourcecode.swift; path = AppDelegate.swift; sourceTree = "<group>"; };
		1916235E1E74E7DB0059CAE5 /* ViewController.swift */ = {isa = PBXFileReference; lastKnownFileType = sourcecode.swift; path = ViewController.swift; sourceTree = "<group>"; };
		191623611E74E7DB0059CAE5 /* Base */ = {isa = PBXFileReference; lastKnownFileType = file.storyboard; name = Base; path = Base.lproj/Main.storyboard; sourceTree = "<group>"; };
		191623631E74E7DB0059CAE5 /* Assets.xcassets */ = {isa = PBXFileReference; lastKnownFileType = folder.assetcatalog; path = Assets.xcassets; sourceTree = "<group>"; };
		191623661E74E7DB0059CAE5 /* Base */ = {isa = PBXFileReference; lastKnownFileType = file.storyboard; name = Base; path = Base.lproj/LaunchScreen.storyboard; sourceTree = "<group>"; };
		191623681E74E7DB0059CAE5 /* Info.plist */ = {isa = PBXFileReference; lastKnownFileType = text.plist.xml; path = Info.plist; sourceTree = "<group>"; };
		1916236B1E74E7DB0059CAE5 /* Festival Buddy WatchKit App.app */ = {isa = PBXFileReference; explicitFileType = wrapper.application; includeInIndex = 0; path = "Festival Buddy WatchKit App.app"; sourceTree = BUILT_PRODUCTS_DIR; };
		191623711E74E7DB0059CAE5 /* Base */ = {isa = PBXFileReference; lastKnownFileType = file.storyboard; name = Base; path = Base.lproj/Interface.storyboard; sourceTree = "<group>"; };
		191623731E74E7DB0059CAE5 /* Assets.xcassets */ = {isa = PBXFileReference; lastKnownFileType = folder.assetcatalog; path = Assets.xcassets; sourceTree = "<group>"; };
		191623751E74E7DB0059CAE5 /* Info.plist */ = {isa = PBXFileReference; lastKnownFileType = text.plist.xml; path = Info.plist; sourceTree = "<group>"; };
		1916237A1E74E7DB0059CAE5 /* Festival Buddy WatchKit Extension.appex */ = {isa = PBXFileReference; explicitFileType = "wrapper.app-extension"; includeInIndex = 0; path = "Festival Buddy WatchKit Extension.appex"; sourceTree = BUILT_PRODUCTS_DIR; };
		1916237F1E74E7DB0059CAE5 /* InterfaceController.swift */ = {isa = PBXFileReference; lastKnownFileType = sourcecode.swift; path = InterfaceController.swift; sourceTree = "<group>"; };
		191623811E74E7DB0059CAE5 /* ExtensionDelegate.swift */ = {isa = PBXFileReference; lastKnownFileType = sourcecode.swift; path = ExtensionDelegate.swift; sourceTree = "<group>"; };
		191623831E74E7DB0059CAE5 /* Assets.xcassets */ = {isa = PBXFileReference; lastKnownFileType = folder.assetcatalog; path = Assets.xcassets; sourceTree = "<group>"; };
		191623851E74E7DB0059CAE5 /* Info.plist */ = {isa = PBXFileReference; lastKnownFileType = text.plist.xml; path = Info.plist; sourceTree = "<group>"; };
		191623961E74EA270059CAE5 /* Festival.swift */ = {isa = PBXFileReference; fileEncoding = 4; lastKnownFileType = sourcecode.swift; path = Festival.swift; sourceTree = "<group>"; };
		191623981E74EDC70059CAE5 /* Stage.swift */ = {isa = PBXFileReference; fileEncoding = 4; lastKnownFileType = sourcecode.swift; path = Stage.swift; sourceTree = "<group>"; };
		1916239A1E74EDD50059CAE5 /* Artist.swift */ = {isa = PBXFileReference; fileEncoding = 4; lastKnownFileType = sourcecode.swift; path = Artist.swift; sourceTree = "<group>"; };
		1916239F1E74FB9F0059CAE5 /* StageController.swift */ = {isa = PBXFileReference; fileEncoding = 4; lastKnownFileType = sourcecode.swift; path = StageController.swift; sourceTree = "<group>"; };
		191623A11E74FD870059CAE5 /* ArtistRowController.swift */ = {isa = PBXFileReference; fileEncoding = 4; lastKnownFileType = sourcecode.swift; path = ArtistRowController.swift; sourceTree = "<group>"; };
		191623A31E750D630059CAE5 /* HeaderRowController.swift */ = {isa = PBXFileReference; fileEncoding = 4; lastKnownFileType = sourcecode.swift; path = HeaderRowController.swift; sourceTree = "<group>"; };
		191623A51E7519690059CAE5 /* WhosPlayingNowController.swift */ = {isa = PBXFileReference; fileEncoding = 4; lastKnownFileType = sourcecode.swift; path = WhosPlayingNowController.swift; sourceTree = "<group>"; };
		1C6772000BBD50219F579E48 /* Pods-Festival Buddy WatchKit App.debug.xcconfig */ = {isa = PBXFileReference; includeInIndex = 1; lastKnownFileType = text.xcconfig; name = "Pods-Festival Buddy WatchKit App.debug.xcconfig"; path = "Pods/Target Support Files/Pods-Festival Buddy WatchKit App/Pods-Festival Buddy WatchKit App.debug.xcconfig"; sourceTree = "<group>"; };
		1DE7513452DD69702FA28D0D /* Pods_Festival_Buddy.framework */ = {isa = PBXFileReference; explicitFileType = wrapper.framework; includeInIndex = 0; path = Pods_Festival_Buddy.framework; sourceTree = BUILT_PRODUCTS_DIR; };
		61ADFFA60408333EAC54517F /* Pods-Festival Buddy WatchKit Extension.debug.xcconfig */ = {isa = PBXFileReference; includeInIndex = 1; lastKnownFileType = text.xcconfig; name = "Pods-Festival Buddy WatchKit Extension.debug.xcconfig"; path = "Pods/Target Support Files/Pods-Festival Buddy WatchKit Extension/Pods-Festival Buddy WatchKit Extension.debug.xcconfig"; sourceTree = "<group>"; };
		65D74F88F9FEEEF0DE716CFB /* Pods_Festival_Buddy_WatchKit_Extension.framework */ = {isa = PBXFileReference; explicitFileType = wrapper.framework; includeInIndex = 0; path = Pods_Festival_Buddy_WatchKit_Extension.framework; sourceTree = BUILT_PRODUCTS_DIR; };
		CEF305C0BF8FD632B3DD1CBE /* Pods-Festival Buddy.debug.xcconfig */ = {isa = PBXFileReference; includeInIndex = 1; lastKnownFileType = text.xcconfig; name = "Pods-Festival Buddy.debug.xcconfig"; path = "Pods/Target Support Files/Pods-Festival Buddy/Pods-Festival Buddy.debug.xcconfig"; sourceTree = "<group>"; };
		D474E847C730B3681F299CE3 /* Pods-Festival Buddy.release.xcconfig */ = {isa = PBXFileReference; includeInIndex = 1; lastKnownFileType = text.xcconfig; name = "Pods-Festival Buddy.release.xcconfig"; path = "Pods/Target Support Files/Pods-Festival Buddy/Pods-Festival Buddy.release.xcconfig"; sourceTree = "<group>"; };
		D7E1B17D18DB6EDA27FD3108 /* Pods_Festival_Buddy_WatchKit_App.framework */ = {isa = PBXFileReference; explicitFileType = wrapper.framework; includeInIndex = 0; path = Pods_Festival_Buddy_WatchKit_App.framework; sourceTree = BUILT_PRODUCTS_DIR; };
		DE475C80A514455F7FC88310 /* Pods-Festival Buddy WatchKit Extension.release.xcconfig */ = {isa = PBXFileReference; includeInIndex = 1; lastKnownFileType = text.xcconfig; name = "Pods-Festival Buddy WatchKit Extension.release.xcconfig"; path = "Pods/Target Support Files/Pods-Festival Buddy WatchKit Extension/Pods-Festival Buddy WatchKit Extension.release.xcconfig"; sourceTree = "<group>"; };
/* End PBXFileReference section */

/* Begin PBXFrameworksBuildPhase section */
		191623561E74E7DA0059CAE5 /* Frameworks */ = {
			isa = PBXFrameworksBuildPhase;
			buildActionMask = 2147483647;
			files = (
				3361F26C768EE910157FC7F5 /* Pods_Festival_Buddy.framework in Frameworks */,
			);
			runOnlyForDeploymentPostprocessing = 0;
		};
		191623771E74E7DB0059CAE5 /* Frameworks */ = {
			isa = PBXFrameworksBuildPhase;
			buildActionMask = 2147483647;
			files = (
				1CC1C9C97C0CFCB5105E0F62 /* Pods_Festival_Buddy_WatchKit_Extension.framework in Frameworks */,
			);
			runOnlyForDeploymentPostprocessing = 0;
		};
		E0CF1B6605C0B8229740721B /* Frameworks */ = {
			isa = PBXFrameworksBuildPhase;
			buildActionMask = 2147483647;
			files = (
				7DFBEC44E35BA7E608AF99B6 /* Pods_Festival_Buddy_WatchKit_App.framework in Frameworks */,
			);
			runOnlyForDeploymentPostprocessing = 0;
		};
/* End PBXFrameworksBuildPhase section */

/* Begin PBXGroup section */
		190D092E1E82E9D400F88145 /* Model-JSON */ = {
			isa = PBXGroup;
			children = (
				190D09381E82ECCC00F88145 /* beyond.json */,
				190D092F1E82EA4500F88145 /* FestivalJSON.swift */,
				190D09331E82EB4200F88145 /* ArtistJSON.swift */,
				190D09311E82EA8D00F88145 /* StageJSON.swift */,
			);
			name = "Model-JSON";
			sourceTree = "<group>";
		};
		191623501E74E7DA0059CAE5 = {
			isa = PBXGroup;
			children = (
				1916235B1E74E7DB0059CAE5 /* Festival Buddy */,
				1916236F1E74E7DB0059CAE5 /* Festival Buddy WatchKit App */,
				1916237E1E74E7DB0059CAE5 /* Festival Buddy WatchKit Extension */,
				1916235A1E74E7DB0059CAE5 /* Products */,
				9526A7AF987E243CC16E96DE /* Pods */,
				C98932351B5A71B92C59350E /* Frameworks */,
			);
			sourceTree = "<group>";
		};
		1916235A1E74E7DB0059CAE5 /* Products */ = {
			isa = PBXGroup;
			children = (
				191623591E74E7DB0059CAE5 /* Festival Buddy.app */,
				1916236B1E74E7DB0059CAE5 /* Festival Buddy WatchKit App.app */,
				1916237A1E74E7DB0059CAE5 /* Festival Buddy WatchKit Extension.appex */,
			);
			name = Products;
			sourceTree = "<group>";
		};
		1916235B1E74E7DB0059CAE5 /* Festival Buddy */ = {
			isa = PBXGroup;
			children = (
				190D092E1E82E9D400F88145 /* Model-JSON */,
				191623941E74E9720059CAE5 /* Model */,
				191623931E74E95D0059CAE5 /* View */,
				191623951E74E97F0059CAE5 /* View Controllers */,
				1916235C1E74E7DB0059CAE5 /* AppDelegate.swift */,
				191623681E74E7DB0059CAE5 /* Info.plist */,
			);
			path = "Festival Buddy";
			sourceTree = "<group>";
		};
		1916236F1E74E7DB0059CAE5 /* Festival Buddy WatchKit App */ = {
			isa = PBXGroup;
			children = (
				191623701E74E7DB0059CAE5 /* Interface.storyboard */,
				191623731E74E7DB0059CAE5 /* Assets.xcassets */,
				191623751E74E7DB0059CAE5 /* Info.plist */,
			);
			path = "Festival Buddy WatchKit App";
			sourceTree = "<group>";
		};
		1916237E1E74E7DB0059CAE5 /* Festival Buddy WatchKit Extension */ = {
			isa = PBXGroup;
			children = (
				1916237F1E74E7DB0059CAE5 /* InterfaceController.swift */,
				191623811E74E7DB0059CAE5 /* ExtensionDelegate.swift */,
				191623831E74E7DB0059CAE5 /* Assets.xcassets */,
				191623851E74E7DB0059CAE5 /* Info.plist */,
				1916239F1E74FB9F0059CAE5 /* StageController.swift */,
				191623A11E74FD870059CAE5 /* ArtistRowController.swift */,
				191623A31E750D630059CAE5 /* HeaderRowController.swift */,
				191623A51E7519690059CAE5 /* WhosPlayingNowController.swift */,
			);
			path = "Festival Buddy WatchKit Extension";
			sourceTree = "<group>";
		};
		191623931E74E95D0059CAE5 /* View */ = {
			isa = PBXGroup;
			children = (
				191623631E74E7DB0059CAE5 /* Assets.xcassets */,
				191623651E74E7DB0059CAE5 /* LaunchScreen.storyboard */,
				191623601E74E7DB0059CAE5 /* Main.storyboard */,
			);
			name = View;
			sourceTree = "<group>";
		};
		191623941E74E9720059CAE5 /* Model */ = {
			isa = PBXGroup;
			children = (
				191623961E74EA270059CAE5 /* Festival.swift */,
				191623981E74EDC70059CAE5 /* Stage.swift */,
				1916239A1E74EDD50059CAE5 /* Artist.swift */,
			);
			name = Model;
			sourceTree = "<group>";
		};
		191623951E74E97F0059CAE5 /* View Controllers */ = {
			isa = PBXGroup;
			children = (
				1916235E1E74E7DB0059CAE5 /* ViewController.swift */,
			);
			name = "View Controllers";
			sourceTree = "<group>";
		};
		9526A7AF987E243CC16E96DE /* Pods */ = {
			isa = PBXGroup;
			children = (
				CEF305C0BF8FD632B3DD1CBE /* Pods-Festival Buddy.debug.xcconfig */,
				D474E847C730B3681F299CE3 /* Pods-Festival Buddy.release.xcconfig */,
				1C6772000BBD50219F579E48 /* Pods-Festival Buddy WatchKit App.debug.xcconfig */,
				07E34C858899D055FD73DB18 /* Pods-Festival Buddy WatchKit App.release.xcconfig */,
				61ADFFA60408333EAC54517F /* Pods-Festival Buddy WatchKit Extension.debug.xcconfig */,
				DE475C80A514455F7FC88310 /* Pods-Festival Buddy WatchKit Extension.release.xcconfig */,
			);
			name = Pods;
			sourceTree = "<group>";
		};
		C98932351B5A71B92C59350E /* Frameworks */ = {
			isa = PBXGroup;
			children = (
				1DE7513452DD69702FA28D0D /* Pods_Festival_Buddy.framework */,
				D7E1B17D18DB6EDA27FD3108 /* Pods_Festival_Buddy_WatchKit_App.framework */,
				65D74F88F9FEEEF0DE716CFB /* Pods_Festival_Buddy_WatchKit_Extension.framework */,
			);
			name = Frameworks;
			sourceTree = "<group>";
		};
/* End PBXGroup section */

/* Begin PBXNativeTarget section */
		191623581E74E7DA0059CAE5 /* Festival Buddy */ = {
			isa = PBXNativeTarget;
			buildConfigurationList = 191623901E74E7DB0059CAE5 /* Build configuration list for PBXNativeTarget "Festival Buddy" */;
			buildPhases = (
				8524F7282D34E79038BDF420 /* [CP] Check Pods Manifest.lock */,
				191623551E74E7DA0059CAE5 /* Sources */,
				191623561E74E7DA0059CAE5 /* Frameworks */,
				191623571E74E7DA0059CAE5 /* Resources */,
				1916238F1E74E7DB0059CAE5 /* Embed Watch Content */,
				8BC3E37F66B0F7F6905DF742 /* [CP] Embed Pods Frameworks */,
				ED8E4EB8904F53762897B01A /* [CP] Copy Pods Resources */,
			);
			buildRules = (
			);
			dependencies = (
				1916236E1E74E7DB0059CAE5 /* PBXTargetDependency */,
			);
			name = "Festival Buddy";
			productName = "Festival Buddy";
			productReference = 191623591E74E7DB0059CAE5 /* Festival Buddy.app */;
			productType = "com.apple.product-type.application";
		};
		1916236A1E74E7DB0059CAE5 /* Festival Buddy WatchKit App */ = {
			isa = PBXNativeTarget;
			buildConfigurationList = 1916238C1E74E7DB0059CAE5 /* Build configuration list for PBXNativeTarget "Festival Buddy WatchKit App" */;
			buildPhases = (
				615B19A70CF7EB8069F67CD5 /* [CP] Check Pods Manifest.lock */,
				191623691E74E7DB0059CAE5 /* Resources */,
				1916238B1E74E7DB0059CAE5 /* Embed App Extensions */,
				E0CF1B6605C0B8229740721B /* Frameworks */,
				D928059FC140CDF275E66B83 /* [CP] Copy Pods Resources */,
			);
			buildRules = (
			);
			dependencies = (
				1916237D1E74E7DB0059CAE5 /* PBXTargetDependency */,
			);
			name = "Festival Buddy WatchKit App";
			productName = "Festival Buddy WatchKit App";
			productReference = 1916236B1E74E7DB0059CAE5 /* Festival Buddy WatchKit App.app */;
			productType = "com.apple.product-type.application.watchapp2";
		};
		191623791E74E7DB0059CAE5 /* Festival Buddy WatchKit Extension */ = {
			isa = PBXNativeTarget;
			buildConfigurationList = 191623881E74E7DB0059CAE5 /* Build configuration list for PBXNativeTarget "Festival Buddy WatchKit Extension" */;
			buildPhases = (
				8CF344004D8EB87469FA068C /* [CP] Check Pods Manifest.lock */,
				191623761E74E7DB0059CAE5 /* Sources */,
				191623771E74E7DB0059CAE5 /* Frameworks */,
				191623781E74E7DB0059CAE5 /* Resources */,
				877D55BAB615E3B1DD042833 /* [CP] Embed Pods Frameworks */,
				3601E59612CF6DBA9551284B /* [CP] Copy Pods Resources */,
			);
			buildRules = (
			);
			dependencies = (
			);
			name = "Festival Buddy WatchKit Extension";
			productName = "Festival Buddy WatchKit Extension";
			productReference = 1916237A1E74E7DB0059CAE5 /* Festival Buddy WatchKit Extension.appex */;
			productType = "com.apple.product-type.watchkit2-extension";
		};
/* End PBXNativeTarget section */

/* Begin PBXProject section */
		191623511E74E7DA0059CAE5 /* Project object */ = {
			isa = PBXProject;
			attributes = {
				LastSwiftUpdateCheck = 0820;
				LastUpgradeCheck = 0820;
				ORGANIZATIONNAME = kevinthrailkill;
				TargetAttributes = {
					191623581E74E7DA0059CAE5 = {
						CreatedOnToolsVersion = 8.2.1;
						DevelopmentTeam = YUYDGGZ6SW;
						ProvisioningStyle = Automatic;
					};
					1916236A1E74E7DB0059CAE5 = {
						CreatedOnToolsVersion = 8.2.1;
						DevelopmentTeam = YUYDGGZ6SW;
						ProvisioningStyle = Automatic;
					};
					191623791E74E7DB0059CAE5 = {
						CreatedOnToolsVersion = 8.2.1;
						DevelopmentTeam = YUYDGGZ6SW;
						ProvisioningStyle = Automatic;
					};
				};
			};
			buildConfigurationList = 191623541E74E7DA0059CAE5 /* Build configuration list for PBXProject "Festival Buddy" */;
			compatibilityVersion = "Xcode 3.2";
			developmentRegion = English;
			hasScannedForEncodings = 0;
			knownRegions = (
				en,
				Base,
			);
			mainGroup = 191623501E74E7DA0059CAE5;
			productRefGroup = 1916235A1E74E7DB0059CAE5 /* Products */;
			projectDirPath = "";
			projectRoot = "";
			targets = (
				191623581E74E7DA0059CAE5 /* Festival Buddy */,
				1916236A1E74E7DB0059CAE5 /* Festival Buddy WatchKit App */,
				191623791E74E7DB0059CAE5 /* Festival Buddy WatchKit Extension */,
			);
		};
/* End PBXProject section */

/* Begin PBXResourcesBuildPhase section */
		191623571E74E7DA0059CAE5 /* Resources */ = {
			isa = PBXResourcesBuildPhase;
			buildActionMask = 2147483647;
			files = (
				190D09391E82ECCC00F88145 /* beyond.json in Resources */,
				191623671E74E7DB0059CAE5 /* LaunchScreen.storyboard in Resources */,
				191623641E74E7DB0059CAE5 /* Assets.xcassets in Resources */,
				191623621E74E7DB0059CAE5 /* Main.storyboard in Resources */,
			);
			runOnlyForDeploymentPostprocessing = 0;
		};
		191623691E74E7DB0059CAE5 /* Resources */ = {
			isa = PBXResourcesBuildPhase;
			buildActionMask = 2147483647;
			files = (
				191623741E74E7DB0059CAE5 /* Assets.xcassets in Resources */,
				191623721E74E7DB0059CAE5 /* Interface.storyboard in Resources */,
			);
			runOnlyForDeploymentPostprocessing = 0;
		};
		191623781E74E7DB0059CAE5 /* Resources */ = {
			isa = PBXResourcesBuildPhase;
			buildActionMask = 2147483647;
			files = (
				190D093A1E82ECCC00F88145 /* beyond.json in Resources */,
				191623841E74E7DB0059CAE5 /* Assets.xcassets in Resources */,
			);
			runOnlyForDeploymentPostprocessing = 0;
		};
/* End PBXResourcesBuildPhase section */

/* Begin PBXShellScriptBuildPhase section */
		3601E59612CF6DBA9551284B /* [CP] Copy Pods Resources */ = {
			isa = PBXShellScriptBuildPhase;
			buildActionMask = 2147483647;
			files = (
			);
			inputPaths = (
			);
			name = "[CP] Copy Pods Resources";
			outputPaths = (
			);
			runOnlyForDeploymentPostprocessing = 0;
			shellPath = /bin/sh;
			shellScript = "\"${SRCROOT}/Pods/Target Support Files/Pods-Festival Buddy WatchKit Extension/Pods-Festival Buddy WatchKit Extension-resources.sh\"\n";
			showEnvVarsInLog = 0;
		};
		615B19A70CF7EB8069F67CD5 /* [CP] Check Pods Manifest.lock */ = {
			isa = PBXShellScriptBuildPhase;
			buildActionMask = 2147483647;
			files = (
			);
			inputPaths = (
			);
			name = "[CP] Check Pods Manifest.lock";
			outputPaths = (
			);
			runOnlyForDeploymentPostprocessing = 0;
			shellPath = /bin/sh;
			shellScript = "diff \"${PODS_ROOT}/../Podfile.lock\" \"${PODS_ROOT}/Manifest.lock\" > /dev/null\nif [ $? != 0 ] ; then\n    # print error to STDERR\n    echo \"error: The sandbox is not in sync with the Podfile.lock. Run 'pod install' or update your CocoaPods installation.\" >&2\n    exit 1\nfi\n";
			showEnvVarsInLog = 0;
		};
		8524F7282D34E79038BDF420 /* [CP] Check Pods Manifest.lock */ = {
			isa = PBXShellScriptBuildPhase;
			buildActionMask = 2147483647;
			files = (
			);
			inputPaths = (
			);
			name = "[CP] Check Pods Manifest.lock";
			outputPaths = (
			);
			runOnlyForDeploymentPostprocessing = 0;
			shellPath = /bin/sh;
			shellScript = "diff \"${PODS_ROOT}/../Podfile.lock\" \"${PODS_ROOT}/Manifest.lock\" > /dev/null\nif [ $? != 0 ] ; then\n    # print error to STDERR\n    echo \"error: The sandbox is not in sync with the Podfile.lock. Run 'pod install' or update your CocoaPods installation.\" >&2\n    exit 1\nfi\n";
			showEnvVarsInLog = 0;
		};
		877D55BAB615E3B1DD042833 /* [CP] Embed Pods Frameworks */ = {
			isa = PBXShellScriptBuildPhase;
			buildActionMask = 2147483647;
			files = (
			);
			inputPaths = (
			);
			name = "[CP] Embed Pods Frameworks";
			outputPaths = (
			);
			runOnlyForDeploymentPostprocessing = 0;
			shellPath = /bin/sh;
			shellScript = "\"${SRCROOT}/Pods/Target Support Files/Pods-Festival Buddy WatchKit Extension/Pods-Festival Buddy WatchKit Extension-frameworks.sh\"\n";
			showEnvVarsInLog = 0;
		};
		8BC3E37F66B0F7F6905DF742 /* [CP] Embed Pods Frameworks */ = {
			isa = PBXShellScriptBuildPhase;
			buildActionMask = 2147483647;
			files = (
			);
			inputPaths = (
			);
			name = "[CP] Embed Pods Frameworks";
			outputPaths = (
			);
			runOnlyForDeploymentPostprocessing = 0;
			shellPath = /bin/sh;
			shellScript = "\"${SRCROOT}/Pods/Target Support Files/Pods-Festival Buddy/Pods-Festival Buddy-frameworks.sh\"\n";
			showEnvVarsInLog = 0;
		};
		8CF344004D8EB87469FA068C /* [CP] Check Pods Manifest.lock */ = {
			isa = PBXShellScriptBuildPhase;
			buildActionMask = 2147483647;
			files = (
			);
			inputPaths = (
			);
			name = "[CP] Check Pods Manifest.lock";
			outputPaths = (
			);
			runOnlyForDeploymentPostprocessing = 0;
			shellPath = /bin/sh;
			shellScript = "diff \"${PODS_ROOT}/../Podfile.lock\" \"${PODS_ROOT}/Manifest.lock\" > /dev/null\nif [ $? != 0 ] ; then\n    # print error to STDERR\n    echo \"error: The sandbox is not in sync with the Podfile.lock. Run 'pod install' or update your CocoaPods installation.\" >&2\n    exit 1\nfi\n";
			showEnvVarsInLog = 0;
		};
		D928059FC140CDF275E66B83 /* [CP] Copy Pods Resources */ = {
			isa = PBXShellScriptBuildPhase;
			buildActionMask = 2147483647;
			files = (
			);
			inputPaths = (
			);
			name = "[CP] Copy Pods Resources";
			outputPaths = (
			);
			runOnlyForDeploymentPostprocessing = 0;
			shellPath = /bin/sh;
			shellScript = "\"${SRCROOT}/Pods/Target Support Files/Pods-Festival Buddy WatchKit App/Pods-Festival Buddy WatchKit App-resources.sh\"\n";
			showEnvVarsInLog = 0;
		};
		ED8E4EB8904F53762897B01A /* [CP] Copy Pods Resources */ = {
			isa = PBXShellScriptBuildPhase;
			buildActionMask = 2147483647;
			files = (
			);
			inputPaths = (
			);
			name = "[CP] Copy Pods Resources";
			outputPaths = (
			);
			runOnlyForDeploymentPostprocessing = 0;
			shellPath = /bin/sh;
			shellScript = "\"${SRCROOT}/Pods/Target Support Files/Pods-Festival Buddy/Pods-Festival Buddy-resources.sh\"\n";
			showEnvVarsInLog = 0;
		};
/* End PBXShellScriptBuildPhase section */

/* Begin PBXSourcesBuildPhase section */
		191623551E74E7DA0059CAE5 /* Sources */ = {
			isa = PBXSourcesBuildPhase;
			buildActionMask = 2147483647;
			files = (
				1916235F1E74E7DB0059CAE5 /* ViewController.swift in Sources */,
				190D09321E82EA8D00F88145 /* StageJSON.swift in Sources */,
				1916235D1E74E7DB0059CAE5 /* AppDelegate.swift in Sources */,
				191623991E74EDC70059CAE5 /* Stage.swift in Sources */,
				190D09341E82EB4200F88145 /* ArtistJSON.swift in Sources */,
				1916239B1E74EDD50059CAE5 /* Artist.swift in Sources */,
				191623971E74EA270059CAE5 /* Festival.swift in Sources */,
				190D09301E82EA4500F88145 /* FestivalJSON.swift in Sources */,
			);
			runOnlyForDeploymentPostprocessing = 0;
		};
		191623761E74E7DB0059CAE5 /* Sources */ = {
			isa = PBXSourcesBuildPhase;
			buildActionMask = 2147483647;
			files = (
				190D09371E82ECA400F88145 /* StageJSON.swift in Sources */,
				191623A01E74FB9F0059CAE5 /* StageController.swift in Sources */,
				191623A41E750D630059CAE5 /* HeaderRowController.swift in Sources */,
				191623821E74E7DB0059CAE5 /* ExtensionDelegate.swift in Sources */,
				191623A61E7519690059CAE5 /* WhosPlayingNowController.swift in Sources */,
				191623A21E74FD870059CAE5 /* ArtistRowController.swift in Sources */,
				190D09351E82ECA400F88145 /* FestivalJSON.swift in Sources */,
				191623801E74E7DB0059CAE5 /* InterfaceController.swift in Sources */,
				1916239D1E74F93A0059CAE5 /* Stage.swift in Sources */,
				1916239E1E74F93A0059CAE5 /* Artist.swift in Sources */,
				1916239C1E74F93A0059CAE5 /* Festival.swift in Sources */,
				190D09361E82ECA400F88145 /* ArtistJSON.swift in Sources */,
			);
			runOnlyForDeploymentPostprocessing = 0;
		};
/* End PBXSourcesBuildPhase section */

/* Begin PBXTargetDependency section */
		1916236E1E74E7DB0059CAE5 /* PBXTargetDependency */ = {
			isa = PBXTargetDependency;
			target = 1916236A1E74E7DB0059CAE5 /* Festival Buddy WatchKit App */;
			targetProxy = 1916236D1E74E7DB0059CAE5 /* PBXContainerItemProxy */;
		};
		1916237D1E74E7DB0059CAE5 /* PBXTargetDependency */ = {
			isa = PBXTargetDependency;
			target = 191623791E74E7DB0059CAE5 /* Festival Buddy WatchKit Extension */;
			targetProxy = 1916237C1E74E7DB0059CAE5 /* PBXContainerItemProxy */;
		};
/* End PBXTargetDependency section */

/* Begin PBXVariantGroup section */
		191623601E74E7DB0059CAE5 /* Main.storyboard */ = {
			isa = PBXVariantGroup;
			children = (
				191623611E74E7DB0059CAE5 /* Base */,
			);
			name = Main.storyboard;
			sourceTree = "<group>";
		};
		191623651E74E7DB0059CAE5 /* LaunchScreen.storyboard */ = {
			isa = PBXVariantGroup;
			children = (
				191623661E74E7DB0059CAE5 /* Base */,
			);
			name = LaunchScreen.storyboard;
			sourceTree = "<group>";
		};
		191623701E74E7DB0059CAE5 /* Interface.storyboard */ = {
			isa = PBXVariantGroup;
			children = (
				191623711E74E7DB0059CAE5 /* Base */,
			);
			name = Interface.storyboard;
			sourceTree = "<group>";
		};
/* End PBXVariantGroup section */

/* Begin XCBuildConfiguration section */
		191623861E74E7DB0059CAE5 /* Debug */ = {
			isa = XCBuildConfiguration;
			buildSettings = {
				ALWAYS_SEARCH_USER_PATHS = NO;
				CLANG_ANALYZER_NONNULL = YES;
				CLANG_CXX_LANGUAGE_STANDARD = "gnu++0x";
				CLANG_CXX_LIBRARY = "libc++";
				CLANG_ENABLE_MODULES = YES;
				CLANG_ENABLE_OBJC_ARC = YES;
				CLANG_WARN_BOOL_CONVERSION = YES;
				CLANG_WARN_CONSTANT_CONVERSION = YES;
				CLANG_WARN_DIRECT_OBJC_ISA_USAGE = YES_ERROR;
				CLANG_WARN_DOCUMENTATION_COMMENTS = YES;
				CLANG_WARN_EMPTY_BODY = YES;
				CLANG_WARN_ENUM_CONVERSION = YES;
				CLANG_WARN_INFINITE_RECURSION = YES;
				CLANG_WARN_INT_CONVERSION = YES;
				CLANG_WARN_OBJC_ROOT_CLASS = YES_ERROR;
				CLANG_WARN_SUSPICIOUS_MOVE = YES;
				CLANG_WARN_UNREACHABLE_CODE = YES;
				CLANG_WARN__DUPLICATE_METHOD_MATCH = YES;
				"CODE_SIGN_IDENTITY[sdk=iphoneos*]" = "iPhone Developer";
				COPY_PHASE_STRIP = NO;
				DEBUG_INFORMATION_FORMAT = dwarf;
				ENABLE_STRICT_OBJC_MSGSEND = YES;
				ENABLE_TESTABILITY = YES;
				GCC_C_LANGUAGE_STANDARD = gnu99;
				GCC_DYNAMIC_NO_PIC = NO;
				GCC_NO_COMMON_BLOCKS = YES;
				GCC_OPTIMIZATION_LEVEL = 0;
				GCC_PREPROCESSOR_DEFINITIONS = (
					"DEBUG=1",
					"$(inherited)",
				);
				GCC_WARN_64_TO_32_BIT_CONVERSION = YES;
				GCC_WARN_ABOUT_RETURN_TYPE = YES_ERROR;
				GCC_WARN_UNDECLARED_SELECTOR = YES;
				GCC_WARN_UNINITIALIZED_AUTOS = YES_AGGRESSIVE;
				GCC_WARN_UNUSED_FUNCTION = YES;
				GCC_WARN_UNUSED_VARIABLE = YES;
				IPHONEOS_DEPLOYMENT_TARGET = 10.2;
				MTL_ENABLE_DEBUG_INFO = YES;
				ONLY_ACTIVE_ARCH = YES;
				SDKROOT = iphoneos;
				SWIFT_ACTIVE_COMPILATION_CONDITIONS = DEBUG;
				SWIFT_OPTIMIZATION_LEVEL = "-Onone";
			};
			name = Debug;
		};
		191623871E74E7DB0059CAE5 /* Release */ = {
			isa = XCBuildConfiguration;
			buildSettings = {
				ALWAYS_SEARCH_USER_PATHS = NO;
				CLANG_ANALYZER_NONNULL = YES;
				CLANG_CXX_LANGUAGE_STANDARD = "gnu++0x";
				CLANG_CXX_LIBRARY = "libc++";
				CLANG_ENABLE_MODULES = YES;
				CLANG_ENABLE_OBJC_ARC = YES;
				CLANG_WARN_BOOL_CONVERSION = YES;
				CLANG_WARN_CONSTANT_CONVERSION = YES;
				CLANG_WARN_DIRECT_OBJC_ISA_USAGE = YES_ERROR;
				CLANG_WARN_DOCUMENTATION_COMMENTS = YES;
				CLANG_WARN_EMPTY_BODY = YES;
				CLANG_WARN_ENUM_CONVERSION = YES;
				CLANG_WARN_INFINITE_RECURSION = YES;
				CLANG_WARN_INT_CONVERSION = YES;
				CLANG_WARN_OBJC_ROOT_CLASS = YES_ERROR;
				CLANG_WARN_SUSPICIOUS_MOVE = YES;
				CLANG_WARN_UNREACHABLE_CODE = YES;
				CLANG_WARN__DUPLICATE_METHOD_MATCH = YES;
				"CODE_SIGN_IDENTITY[sdk=iphoneos*]" = "iPhone Developer";
				COPY_PHASE_STRIP = NO;
				DEBUG_INFORMATION_FORMAT = "dwarf-with-dsym";
				ENABLE_NS_ASSERTIONS = NO;
				ENABLE_STRICT_OBJC_MSGSEND = YES;
				GCC_C_LANGUAGE_STANDARD = gnu99;
				GCC_NO_COMMON_BLOCKS = YES;
				GCC_WARN_64_TO_32_BIT_CONVERSION = YES;
				GCC_WARN_ABOUT_RETURN_TYPE = YES_ERROR;
				GCC_WARN_UNDECLARED_SELECTOR = YES;
				GCC_WARN_UNINITIALIZED_AUTOS = YES_AGGRESSIVE;
				GCC_WARN_UNUSED_FUNCTION = YES;
				GCC_WARN_UNUSED_VARIABLE = YES;
				IPHONEOS_DEPLOYMENT_TARGET = 10.2;
				MTL_ENABLE_DEBUG_INFO = NO;
				SDKROOT = iphoneos;
				SWIFT_OPTIMIZATION_LEVEL = "-Owholemodule";
				VALIDATE_PRODUCT = YES;
			};
			name = Release;
		};
		191623891E74E7DB0059CAE5 /* Debug */ = {
			isa = XCBuildConfiguration;
			baseConfigurationReference = 61ADFFA60408333EAC54517F /* Pods-Festival Buddy WatchKit Extension.debug.xcconfig */;
			buildSettings = {
				ASSETCATALOG_COMPILER_COMPLICATION_NAME = Complication;
				DEVELOPMENT_TEAM = YUYDGGZ6SW;
				INFOPLIST_FILE = "Festival Buddy WatchKit Extension/Info.plist";
				LD_RUNPATH_SEARCH_PATHS = "$(inherited) @executable_path/Frameworks @executable_path/../../Frameworks";
				PRODUCT_BUNDLE_IDENTIFIER = "com.kevinthrailkill.Festival-Buddy.watchkitapp.watchkitextension";
				PRODUCT_NAME = "${TARGET_NAME}";
				SDKROOT = watchos;
				SKIP_INSTALL = YES;
				SWIFT_VERSION = 3.0;
				TARGETED_DEVICE_FAMILY = 4;
				WATCHOS_DEPLOYMENT_TARGET = 3.1;
			};
			name = Debug;
		};
		1916238A1E74E7DB0059CAE5 /* Release */ = {
			isa = XCBuildConfiguration;
			baseConfigurationReference = DE475C80A514455F7FC88310 /* Pods-Festival Buddy WatchKit Extension.release.xcconfig */;
			buildSettings = {
				ASSETCATALOG_COMPILER_COMPLICATION_NAME = Complication;
				DEVELOPMENT_TEAM = YUYDGGZ6SW;
				INFOPLIST_FILE = "Festival Buddy WatchKit Extension/Info.plist";
				LD_RUNPATH_SEARCH_PATHS = "$(inherited) @executable_path/Frameworks @executable_path/../../Frameworks";
				PRODUCT_BUNDLE_IDENTIFIER = "com.kevinthrailkill.Festival-Buddy.watchkitapp.watchkitextension";
				PRODUCT_NAME = "${TARGET_NAME}";
				SDKROOT = watchos;
				SKIP_INSTALL = YES;
				SWIFT_VERSION = 3.0;
				TARGETED_DEVICE_FAMILY = 4;
				WATCHOS_DEPLOYMENT_TARGET = 3.1;
			};
			name = Release;
		};
		1916238D1E74E7DB0059CAE5 /* Debug */ = {
			isa = XCBuildConfiguration;
			baseConfigurationReference = 1C6772000BBD50219F579E48 /* Pods-Festival Buddy WatchKit App.debug.xcconfig */;
			buildSettings = {
				ALWAYS_EMBED_SWIFT_STANDARD_LIBRARIES = YES;
				ASSETCATALOG_COMPILER_APPICON_NAME = AppIcon;
				DEVELOPMENT_TEAM = YUYDGGZ6SW;
				IBSC_MODULE = Festival_Buddy_WatchKit_Extension;
				INFOPLIST_FILE = "Festival Buddy WatchKit App/Info.plist";
				PRODUCT_BUNDLE_IDENTIFIER = "com.kevinthrailkill.Festival-Buddy.watchkitapp";
				PRODUCT_NAME = "$(TARGET_NAME)";
				SDKROOT = watchos;
				SKIP_INSTALL = YES;
				SWIFT_VERSION = 3.0;
				TARGETED_DEVICE_FAMILY = 4;
				WATCHOS_DEPLOYMENT_TARGET = 3.1;
			};
			name = Debug;
		};
		1916238E1E74E7DB0059CAE5 /* Release */ = {
			isa = XCBuildConfiguration;
			baseConfigurationReference = 07E34C858899D055FD73DB18 /* Pods-Festival Buddy WatchKit App.release.xcconfig */;
			buildSettings = {
				ALWAYS_EMBED_SWIFT_STANDARD_LIBRARIES = YES;
				ASSETCATALOG_COMPILER_APPICON_NAME = AppIcon;
				DEVELOPMENT_TEAM = YUYDGGZ6SW;
				IBSC_MODULE = Festival_Buddy_WatchKit_Extension;
				INFOPLIST_FILE = "Festival Buddy WatchKit App/Info.plist";
				PRODUCT_BUNDLE_IDENTIFIER = "com.kevinthrailkill.Festival-Buddy.watchkitapp";
				PRODUCT_NAME = "$(TARGET_NAME)";
				SDKROOT = watchos;
				SKIP_INSTALL = YES;
				SWIFT_VERSION = 3.0;
				TARGETED_DEVICE_FAMILY = 4;
				WATCHOS_DEPLOYMENT_TARGET = 3.1;
			};
			name = Release;
		};
		191623911E74E7DB0059CAE5 /* Debug */ = {
			isa = XCBuildConfiguration;
			baseConfigurationReference = CEF305C0BF8FD632B3DD1CBE /* Pods-Festival Buddy.debug.xcconfig */;
			buildSettings = {
				ASSETCATALOG_COMPILER_APPICON_NAME = AppIcon;
				DEVELOPMENT_TEAM = YUYDGGZ6SW;
				INFOPLIST_FILE = "Festival Buddy/Info.plist";
				LD_RUNPATH_SEARCH_PATHS = "$(inherited) @executable_path/Frameworks";
				PRODUCT_BUNDLE_IDENTIFIER = "com.kevinthrailkill.Festival-Buddy";
				PRODUCT_NAME = "$(TARGET_NAME)";
				SWIFT_VERSION = 3.0;
			};
			name = Debug;
		};
		191623921E74E7DB0059CAE5 /* Release */ = {
			isa = XCBuildConfiguration;
			baseConfigurationReference = D474E847C730B3681F299CE3 /* Pods-Festival Buddy.release.xcconfig */;
			buildSettings = {
				ASSETCATALOG_COMPILER_APPICON_NAME = AppIcon;
				DEVELOPMENT_TEAM = YUYDGGZ6SW;
				INFOPLIST_FILE = "Festival Buddy/Info.plist";
				LD_RUNPATH_SEARCH_PATHS = "$(inherited) @executable_path/Frameworks";
				PRODUCT_BUNDLE_IDENTIFIER = "com.kevinthrailkill.Festival-Buddy";
				PRODUCT_NAME = "$(TARGET_NAME)";
				SWIFT_VERSION = 3.0;
			};
			name = Release;
		};
/* End XCBuildConfiguration section */

/* Begin XCConfigurationList section */
		191623541E74E7DA0059CAE5 /* Build configuration list for PBXProject "Festival Buddy" */ = {
			isa = XCConfigurationList;
			buildConfigurations = (
				191623861E74E7DB0059CAE5 /* Debug */,
				191623871E74E7DB0059CAE5 /* Release */,
			);
			defaultConfigurationIsVisible = 0;
			defaultConfigurationName = Release;
		};
		191623881E74E7DB0059CAE5 /* Build configuration list for PBXNativeTarget "Festival Buddy WatchKit Extension" */ = {
			isa = XCConfigurationList;
			buildConfigurations = (
				191623891E74E7DB0059CAE5 /* Debug */,
				1916238A1E74E7DB0059CAE5 /* Release */,
			);
			defaultConfigurationIsVisible = 0;
			defaultConfigurationName = Release;
		};
		1916238C1E74E7DB0059CAE5 /* Build configuration list for PBXNativeTarget "Festival Buddy WatchKit App" */ = {
			isa = XCConfigurationList;
			buildConfigurations = (
				1916238D1E74E7DB0059CAE5 /* Debug */,
				1916238E1E74E7DB0059CAE5 /* Release */,
			);
			defaultConfigurationIsVisible = 0;
			defaultConfigurationName = Release;
		};
		191623901E74E7DB0059CAE5 /* Build configuration list for PBXNativeTarget "Festival Buddy" */ = {
			isa = XCConfigurationList;
			buildConfigurations = (
				191623911E74E7DB0059CAE5 /* Debug */,
				191623921E74E7DB0059CAE5 /* Release */,
			);
			defaultConfigurationIsVisible = 0;
			defaultConfigurationName = Release;
		};
/* End XCConfigurationList section */
	};
	rootObject = 191623511E74E7DA0059CAE5 /* Project object */;
}
